// !$*UTF8*$!
{
	archiveVersion = 1;
	classes = {
	};
	objectVersion = 56;
	objects = {

/* Begin PBXBuildFile section */
		D42930422CA5926B00983863 /* BezierCurveTests.swift in Sources */ = {isa = PBXBuildFile; fileRef = D42930412CA5926B00983863 /* BezierCurveTests.swift */; };
		D42930442CA5938A00983863 /* BezierCurve.swift in Sources */ = {isa = PBXBuildFile; fileRef = D42930432CA5938A00983863 /* BezierCurve.swift */; };
		D42930462CA599DD00983863 /* BezierCurveHandlePoints.swift in Sources */ = {isa = PBXBuildFile; fileRef = D42930452CA599DD00983863 /* BezierCurveHandlePoints.swift */; };
		D43D06612CBBF76C0029CAB4 /* IteratorExtensions.swift in Sources */ = {isa = PBXBuildFile; fileRef = D43D06602CBBF76C0029CAB4 /* IteratorExtensions.swift */; };
		D43D06662CBC042F0029CAB4 /* IteratorExtensionsTests.swift in Sources */ = {isa = PBXBuildFile; fileRef = D43D06652CBC042F0029CAB4 /* IteratorExtensionsTests.swift */; };
		D462E16E2C0C555900E0503E /* CanvasView.swift in Sources */ = {isa = PBXBuildFile; fileRef = D462E16D2C0C555900E0503E /* CanvasView.swift */; };
		D462E1722C0C55B000E0503E /* MTLRenderer.swift in Sources */ = {isa = PBXBuildFile; fileRef = D462E1712C0C55B000E0503E /* MTLRenderer.swift */; };
		D462E1742C0C55D300E0503E /* MTLPipelineManager.swift in Sources */ = {isa = PBXBuildFile; fileRef = D462E1732C0C55D300E0503E /* MTLPipelineManager.swift */; };
		D462E1782C0C562400E0503E /* Texture.metal in Sources */ = {isa = PBXBuildFile; fileRef = D462E1772C0C562400E0503E /* Texture.metal */; };
		D462E17B2C0C565300E0503E /* MTLTextureCreator.swift in Sources */ = {isa = PBXBuildFile; fileRef = D462E17A2C0C565300E0503E /* MTLTextureCreator.swift */; };
		D462E17E2C0C567E00E0503E /* UIColorExtensions.swift in Sources */ = {isa = PBXBuildFile; fileRef = D462E17D2C0C567E00E0503E /* UIColorExtensions.swift */; };
		D462E1802C0C56B700E0503E /* MTLBuffers.swift in Sources */ = {isa = PBXBuildFile; fileRef = D462E17F2C0C56B700E0503E /* MTLBuffers.swift */; };
		D462E1832C0C580600E0503E /* ViewSize.swift in Sources */ = {isa = PBXBuildFile; fileRef = D462E1822C0C580600E0503E /* ViewSize.swift */; };
		D462E1852C0C583900E0503E /* MTLTextureExtensions.swift in Sources */ = {isa = PBXBuildFile; fileRef = D462E1842C0C583900E0503E /* MTLTextureExtensions.swift */; };
		D462E1872C0C5A7500E0503E /* CanvasViewModel.swift in Sources */ = {isa = PBXBuildFile; fileRef = D462E1862C0C5A7500E0503E /* CanvasViewModel.swift */; };
		D462E18A2C0C616C00E0503E /* CanvasFingerInputGestureRecognizer.swift in Sources */ = {isa = PBXBuildFile; fileRef = D462E1892C0C616C00E0503E /* CanvasFingerInputGestureRecognizer.swift */; };
		D462E18F2C0C620500E0503E /* CanvasTouchPoint.swift in Sources */ = {isa = PBXBuildFile; fileRef = D462E18E2C0C620500E0503E /* CanvasTouchPoint.swift */; };
		D462E1922C0C63F900E0503E /* CanvasBrushDrawingTexture.swift in Sources */ = {isa = PBXBuildFile; fileRef = D462E1912C0C63F900E0503E /* CanvasBrushDrawingTexture.swift */; };
		D462E1942C0C641800E0503E /* CanvasDrawingTexture.swift in Sources */ = {isa = PBXBuildFile; fileRef = D462E1932C0C641800E0503E /* CanvasDrawingTexture.swift */; };
		D462E1982C0C651B00E0503E /* CanvasGrayscaleDotPoint.swift in Sources */ = {isa = PBXBuildFile; fileRef = D462E1972C0C651B00E0503E /* CanvasGrayscaleDotPoint.swift */; };
		D462E19A2C0C669E00E0503E /* Drawing.metal in Sources */ = {isa = PBXBuildFile; fileRef = D462E1992C0C669E00E0503E /* Drawing.metal */; };
		D462E1A02C0C67C000E0503E /* CanvasDrawingCurvePoints.swift in Sources */ = {isa = PBXBuildFile; fileRef = D462E19F2C0C67C000E0503E /* CanvasDrawingCurvePoints.swift */; };
		D462E1A22C0C67DC00E0503E /* Iterator.swift in Sources */ = {isa = PBXBuildFile; fileRef = D462E1A12C0C67DC00E0503E /* Iterator.swift */; };
		D462E1A42C0C680400E0503E /* Interpolator.swift in Sources */ = {isa = PBXBuildFile; fileRef = D462E1A32C0C680400E0503E /* Interpolator.swift */; };
		D462E1A62C0C682300E0503E /* Calculator.swift in Sources */ = {isa = PBXBuildFile; fileRef = D462E1A52C0C682300E0503E /* Calculator.swift */; };
		D462E1A82C0C684300E0503E /* CanvasDrawingToolStatus.swift in Sources */ = {isa = PBXBuildFile; fileRef = D462E1A72C0C684300E0503E /* CanvasDrawingToolStatus.swift */; };
		D462E1AC2C0C6A8800E0503E /* CGPointExtensions.swift in Sources */ = {isa = PBXBuildFile; fileRef = D462E1AB2C0C6A8800E0503E /* CGPointExtensions.swift */; };
		D462E1AE2C0C70A700E0503E /* CanvasPencilInputGestureRecognizer.swift in Sources */ = {isa = PBXBuildFile; fileRef = D462E1AD2C0C70A700E0503E /* CanvasPencilInputGestureRecognizer.swift */; };
		D467BB552CA810180039EA0D /* CalculatorTests.swift in Sources */ = {isa = PBXBuildFile; fileRef = D467BB542CA810180039EA0D /* CalculatorTests.swift */; };
		D46C036B2C95D0DC001658C5 /* Constants.swift in Sources */ = {isa = PBXBuildFile; fileRef = D46C036A2C95D0DC001658C5 /* Constants.swift */; };
		D46ECA2D2CB0CA9A00B6ECE8 /* CanvasGrayscaleDotPointTests.swift in Sources */ = {isa = PBXBuildFile; fileRef = D46ECA2C2CB0CA9A00B6ECE8 /* CanvasGrayscaleDotPointTests.swift */; };
		D46ECA2F2CB1787C00B6ECE8 /* CanvasBezierCurvePoints.swift in Sources */ = {isa = PBXBuildFile; fileRef = D46ECA2E2CB1787C00B6ECE8 /* CanvasBezierCurvePoints.swift */; };
		D47123982CB284E3001F16C6 /* CanvasDrawingCurveTests.swift in Sources */ = {isa = PBXBuildFile; fileRef = D47123972CB284E3001F16C6 /* CanvasDrawingCurveTests.swift */; };
		D476E9A82CA00B3B00F2332E /* InterpolatorTests.swift in Sources */ = {isa = PBXBuildFile; fileRef = D476E9A72CA00B3B00F2332E /* InterpolatorTests.swift */; };
		D478DD9D2C7978CA0031521D /* SetExtensions.swift in Sources */ = {isa = PBXBuildFile; fileRef = D478DD9C2C7978CA0031521D /* SetExtensions.swift */; };
		D47CBFD92CDF68E100189B08 /* MTLTextureNodes.swift in Sources */ = {isa = PBXBuildFile; fileRef = D47CBFD82CDF68E100189B08 /* MTLTextureNodes.swift */; };
		D4B17E162C0ABCB30056C270 /* AppDelegate.swift in Sources */ = {isa = PBXBuildFile; fileRef = D4B17E152C0ABCB30056C270 /* AppDelegate.swift */; };
		D4B17E182C0ABCB30056C270 /* SceneDelegate.swift in Sources */ = {isa = PBXBuildFile; fileRef = D4B17E172C0ABCB30056C270 /* SceneDelegate.swift */; };
		D4B17E1A2C0ABCB30056C270 /* CanvasViewController.swift in Sources */ = {isa = PBXBuildFile; fileRef = D4B17E192C0ABCB30056C270 /* CanvasViewController.swift */; };
		D4B17E1D2C0ABCB30056C270 /* Base in Resources */ = {isa = PBXBuildFile; fileRef = D4B17E1C2C0ABCB30056C270 /* Base */; };
		D4B17E1F2C0ABCB40056C270 /* Assets.xcassets in Resources */ = {isa = PBXBuildFile; fileRef = D4B17E1E2C0ABCB40056C270 /* Assets.xcassets */; };
		D4B17E222C0ABCB40056C270 /* Base in Resources */ = {isa = PBXBuildFile; fileRef = D4B17E212C0ABCB40056C270 /* Base */; };
		D4B17E2D2C0ABCB40056C270 /* SimpleApplePencilDrawingTests.swift in Sources */ = {isa = PBXBuildFile; fileRef = D4B17E2C2C0ABCB40056C270 /* SimpleApplePencilDrawingTests.swift */; };
		D4B17E372C0ABCB40056C270 /* SimpleApplePencilDrawingUITests.swift in Sources */ = {isa = PBXBuildFile; fileRef = D4B17E362C0ABCB40056C270 /* SimpleApplePencilDrawingUITests.swift */; };
		D4B17E392C0ABCB40056C270 /* SimpleApplePencilDrawingUITestsLaunchTests.swift in Sources */ = {isa = PBXBuildFile; fileRef = D4B17E382C0ABCB40056C270 /* SimpleApplePencilDrawingUITestsLaunchTests.swift */; };
		D4C3C7A52CA8DB8A003E417C /* IteratorTests.swift in Sources */ = {isa = PBXBuildFile; fileRef = D4C3C7A42CA8DB8A003E417C /* IteratorTests.swift */; };
		D4C3C7B32CA94437003E417C /* CanvasGrayscaleDotPointDummy.swift in Sources */ = {isa = PBXBuildFile; fileRef = D4C3C7B22CA94437003E417C /* CanvasGrayscaleDotPointDummy.swift */; };
		D4D0FDD52C82D4B900E91B4B /* ArrayExtensions.swift in Sources */ = {isa = PBXBuildFile; fileRef = D4D0FDD42C82D4B900E91B4B /* ArrayExtensions.swift */; };
		D4D0FDD92C82D56E00E91B4B /* TimeIntervalExtensions.swift in Sources */ = {isa = PBXBuildFile; fileRef = D4D0FDD82C82D56E00E91B4B /* TimeIntervalExtensions.swift */; };
		D4D0FDDD2C82D6C500E91B4B /* CanvasPencilDrawingArrays.swift in Sources */ = {isa = PBXBuildFile; fileRef = D4D0FDDC2C82D6C500E91B4B /* CanvasPencilDrawingArrays.swift */; };
		D4D0FDEA2C8349EB00E91B4B /* CanvasTouchPointDummy.swift in Sources */ = {isa = PBXBuildFile; fileRef = D4D0FDE92C8349EB00E91B4B /* CanvasTouchPointDummy.swift */; };
		D4D0FDEF2C834A2200E91B4B /* CanvasPencilDrawingArraysTests.swift in Sources */ = {isa = PBXBuildFile; fileRef = D4D0FDEE2C834A2200E91B4B /* CanvasPencilDrawingArraysTests.swift */; };
		D4D0FDF12C834A3C00E91B4B /* UITouchDummy.swift in Sources */ = {isa = PBXBuildFile; fileRef = D4D0FDF02C834A3C00E91B4B /* UITouchDummy.swift */; };
/* End PBXBuildFile section */

/* Begin PBXContainerItemProxy section */
		D4B17E292C0ABCB40056C270 /* PBXContainerItemProxy */ = {
			isa = PBXContainerItemProxy;
			containerPortal = D4B17E0A2C0ABCB30056C270 /* Project object */;
			proxyType = 1;
			remoteGlobalIDString = D4B17E112C0ABCB30056C270;
			remoteInfo = SimpleApplePencilDrawing;
		};
		D4B17E332C0ABCB40056C270 /* PBXContainerItemProxy */ = {
			isa = PBXContainerItemProxy;
			containerPortal = D4B17E0A2C0ABCB30056C270 /* Project object */;
			proxyType = 1;
			remoteGlobalIDString = D4B17E112C0ABCB30056C270;
			remoteInfo = SimpleApplePencilDrawing;
		};
/* End PBXContainerItemProxy section */

/* Begin PBXFileReference section */
		D42930412CA5926B00983863 /* BezierCurveTests.swift */ = {isa = PBXFileReference; fileEncoding = 4; lastKnownFileType = sourcecode.swift; path = BezierCurveTests.swift; sourceTree = "<group>"; };
		D42930432CA5938A00983863 /* BezierCurve.swift */ = {isa = PBXFileReference; fileEncoding = 4; lastKnownFileType = sourcecode.swift; path = BezierCurve.swift; sourceTree = "<group>"; };
		D42930452CA599DD00983863 /* BezierCurveHandlePoints.swift */ = {isa = PBXFileReference; lastKnownFileType = sourcecode.swift; path = BezierCurveHandlePoints.swift; sourceTree = "<group>"; };
		D43D06602CBBF76C0029CAB4 /* IteratorExtensions.swift */ = {isa = PBXFileReference; lastKnownFileType = sourcecode.swift; path = IteratorExtensions.swift; sourceTree = "<group>"; };
		D43D06652CBC042F0029CAB4 /* IteratorExtensionsTests.swift */ = {isa = PBXFileReference; lastKnownFileType = sourcecode.swift; path = IteratorExtensionsTests.swift; sourceTree = "<group>"; };
		D462E16D2C0C555900E0503E /* CanvasView.swift */ = {isa = PBXFileReference; lastKnownFileType = sourcecode.swift; path = CanvasView.swift; sourceTree = "<group>"; };
		D462E1712C0C55B000E0503E /* MTLRenderer.swift */ = {isa = PBXFileReference; lastKnownFileType = sourcecode.swift; path = MTLRenderer.swift; sourceTree = "<group>"; };
		D462E1732C0C55D300E0503E /* MTLPipelineManager.swift */ = {isa = PBXFileReference; lastKnownFileType = sourcecode.swift; path = MTLPipelineManager.swift; sourceTree = "<group>"; };
		D462E1772C0C562400E0503E /* Texture.metal */ = {isa = PBXFileReference; lastKnownFileType = sourcecode.metal; path = Texture.metal; sourceTree = "<group>"; };
		D462E17A2C0C565300E0503E /* MTLTextureCreator.swift */ = {isa = PBXFileReference; lastKnownFileType = sourcecode.swift; path = MTLTextureCreator.swift; sourceTree = "<group>"; };
		D462E17D2C0C567E00E0503E /* UIColorExtensions.swift */ = {isa = PBXFileReference; lastKnownFileType = sourcecode.swift; path = UIColorExtensions.swift; sourceTree = "<group>"; };
		D462E17F2C0C56B700E0503E /* MTLBuffers.swift */ = {isa = PBXFileReference; lastKnownFileType = sourcecode.swift; path = MTLBuffers.swift; sourceTree = "<group>"; };
		D462E1822C0C580600E0503E /* ViewSize.swift */ = {isa = PBXFileReference; lastKnownFileType = sourcecode.swift; path = ViewSize.swift; sourceTree = "<group>"; };
		D462E1842C0C583900E0503E /* MTLTextureExtensions.swift */ = {isa = PBXFileReference; lastKnownFileType = sourcecode.swift; path = MTLTextureExtensions.swift; sourceTree = "<group>"; };
		D462E1862C0C5A7500E0503E /* CanvasViewModel.swift */ = {isa = PBXFileReference; lastKnownFileType = sourcecode.swift; path = CanvasViewModel.swift; sourceTree = "<group>"; };
		D462E1892C0C616C00E0503E /* CanvasFingerInputGestureRecognizer.swift */ = {isa = PBXFileReference; lastKnownFileType = sourcecode.swift; path = CanvasFingerInputGestureRecognizer.swift; sourceTree = "<group>"; };
		D462E18E2C0C620500E0503E /* CanvasTouchPoint.swift */ = {isa = PBXFileReference; lastKnownFileType = sourcecode.swift; path = CanvasTouchPoint.swift; sourceTree = "<group>"; };
		D462E1912C0C63F900E0503E /* CanvasBrushDrawingTexture.swift */ = {isa = PBXFileReference; lastKnownFileType = sourcecode.swift; path = CanvasBrushDrawingTexture.swift; sourceTree = "<group>"; };
		D462E1932C0C641800E0503E /* CanvasDrawingTexture.swift */ = {isa = PBXFileReference; lastKnownFileType = sourcecode.swift; path = CanvasDrawingTexture.swift; sourceTree = "<group>"; };
		D462E1972C0C651B00E0503E /* CanvasGrayscaleDotPoint.swift */ = {isa = PBXFileReference; lastKnownFileType = sourcecode.swift; path = CanvasGrayscaleDotPoint.swift; sourceTree = "<group>"; };
		D462E1992C0C669E00E0503E /* Drawing.metal */ = {isa = PBXFileReference; lastKnownFileType = sourcecode.metal; path = Drawing.metal; sourceTree = "<group>"; };
		D462E19F2C0C67C000E0503E /* CanvasDrawingCurvePoints.swift */ = {isa = PBXFileReference; lastKnownFileType = sourcecode.swift; path = CanvasDrawingCurvePoints.swift; sourceTree = "<group>"; };
		D462E1A12C0C67DC00E0503E /* Iterator.swift */ = {isa = PBXFileReference; lastKnownFileType = sourcecode.swift; path = Iterator.swift; sourceTree = "<group>"; };
		D462E1A32C0C680400E0503E /* Interpolator.swift */ = {isa = PBXFileReference; lastKnownFileType = sourcecode.swift; path = Interpolator.swift; sourceTree = "<group>"; };
		D462E1A52C0C682300E0503E /* Calculator.swift */ = {isa = PBXFileReference; lastKnownFileType = sourcecode.swift; path = Calculator.swift; sourceTree = "<group>"; };
		D462E1A72C0C684300E0503E /* CanvasDrawingToolStatus.swift */ = {isa = PBXFileReference; lastKnownFileType = sourcecode.swift; path = CanvasDrawingToolStatus.swift; sourceTree = "<group>"; };
		D462E1AB2C0C6A8800E0503E /* CGPointExtensions.swift */ = {isa = PBXFileReference; lastKnownFileType = sourcecode.swift; path = CGPointExtensions.swift; sourceTree = "<group>"; };
		D462E1AD2C0C70A700E0503E /* CanvasPencilInputGestureRecognizer.swift */ = {isa = PBXFileReference; lastKnownFileType = sourcecode.swift; path = CanvasPencilInputGestureRecognizer.swift; sourceTree = "<group>"; };
		D467BB542CA810180039EA0D /* CalculatorTests.swift */ = {isa = PBXFileReference; lastKnownFileType = sourcecode.swift; path = CalculatorTests.swift; sourceTree = "<group>"; };
		D46C036A2C95D0DC001658C5 /* Constants.swift */ = {isa = PBXFileReference; lastKnownFileType = sourcecode.swift; path = Constants.swift; sourceTree = "<group>"; };
		D46ECA2C2CB0CA9A00B6ECE8 /* CanvasGrayscaleDotPointTests.swift */ = {isa = PBXFileReference; lastKnownFileType = sourcecode.swift; path = CanvasGrayscaleDotPointTests.swift; sourceTree = "<group>"; };
		D46ECA2E2CB1787C00B6ECE8 /* CanvasBezierCurvePoints.swift */ = {isa = PBXFileReference; lastKnownFileType = sourcecode.swift; path = CanvasBezierCurvePoints.swift; sourceTree = "<group>"; };
		D47123972CB284E3001F16C6 /* CanvasDrawingCurveTests.swift */ = {isa = PBXFileReference; lastKnownFileType = sourcecode.swift; path = CanvasDrawingCurveTests.swift; sourceTree = "<group>"; };
		D476E9A72CA00B3B00F2332E /* InterpolatorTests.swift */ = {isa = PBXFileReference; lastKnownFileType = sourcecode.swift; path = InterpolatorTests.swift; sourceTree = "<group>"; };
		D478DD9C2C7978CA0031521D /* SetExtensions.swift */ = {isa = PBXFileReference; lastKnownFileType = sourcecode.swift; path = SetExtensions.swift; sourceTree = "<group>"; };
		D47CBFD82CDF68E100189B08 /* MTLTextureNodes.swift */ = {isa = PBXFileReference; lastKnownFileType = sourcecode.swift; path = MTLTextureNodes.swift; sourceTree = "<group>"; };
		D4B17E122C0ABCB30056C270 /* SimpleApplePencilDrawing.app */ = {isa = PBXFileReference; explicitFileType = wrapper.application; includeInIndex = 0; path = SimpleApplePencilDrawing.app; sourceTree = BUILT_PRODUCTS_DIR; };
		D4B17E152C0ABCB30056C270 /* AppDelegate.swift */ = {isa = PBXFileReference; lastKnownFileType = sourcecode.swift; path = AppDelegate.swift; sourceTree = "<group>"; };
		D4B17E172C0ABCB30056C270 /* SceneDelegate.swift */ = {isa = PBXFileReference; lastKnownFileType = sourcecode.swift; path = SceneDelegate.swift; sourceTree = "<group>"; };
		D4B17E192C0ABCB30056C270 /* CanvasViewController.swift */ = {isa = PBXFileReference; lastKnownFileType = sourcecode.swift; path = CanvasViewController.swift; sourceTree = "<group>"; };
		D4B17E1C2C0ABCB30056C270 /* Base */ = {isa = PBXFileReference; lastKnownFileType = file.storyboard; name = Base; path = Base.lproj/Main.storyboard; sourceTree = "<group>"; };
		D4B17E1E2C0ABCB40056C270 /* Assets.xcassets */ = {isa = PBXFileReference; lastKnownFileType = folder.assetcatalog; path = Assets.xcassets; sourceTree = "<group>"; };
		D4B17E212C0ABCB40056C270 /* Base */ = {isa = PBXFileReference; lastKnownFileType = file.storyboard; name = Base; path = Base.lproj/LaunchScreen.storyboard; sourceTree = "<group>"; };
		D4B17E232C0ABCB40056C270 /* Info.plist */ = {isa = PBXFileReference; lastKnownFileType = text.plist.xml; path = Info.plist; sourceTree = "<group>"; };
		D4B17E282C0ABCB40056C270 /* SimpleApplePencilDrawingTests.xctest */ = {isa = PBXFileReference; explicitFileType = wrapper.cfbundle; includeInIndex = 0; path = SimpleApplePencilDrawingTests.xctest; sourceTree = BUILT_PRODUCTS_DIR; };
		D4B17E2C2C0ABCB40056C270 /* SimpleApplePencilDrawingTests.swift */ = {isa = PBXFileReference; lastKnownFileType = sourcecode.swift; path = SimpleApplePencilDrawingTests.swift; sourceTree = "<group>"; };
		D4B17E322C0ABCB40056C270 /* SimpleApplePencilDrawingUITests.xctest */ = {isa = PBXFileReference; explicitFileType = wrapper.cfbundle; includeInIndex = 0; path = SimpleApplePencilDrawingUITests.xctest; sourceTree = BUILT_PRODUCTS_DIR; };
		D4B17E362C0ABCB40056C270 /* SimpleApplePencilDrawingUITests.swift */ = {isa = PBXFileReference; lastKnownFileType = sourcecode.swift; path = SimpleApplePencilDrawingUITests.swift; sourceTree = "<group>"; };
		D4B17E382C0ABCB40056C270 /* SimpleApplePencilDrawingUITestsLaunchTests.swift */ = {isa = PBXFileReference; lastKnownFileType = sourcecode.swift; path = SimpleApplePencilDrawingUITestsLaunchTests.swift; sourceTree = "<group>"; };
		D4C3C7A42CA8DB8A003E417C /* IteratorTests.swift */ = {isa = PBXFileReference; lastKnownFileType = sourcecode.swift; path = IteratorTests.swift; sourceTree = "<group>"; };
		D4C3C7B22CA94437003E417C /* CanvasGrayscaleDotPointDummy.swift */ = {isa = PBXFileReference; lastKnownFileType = sourcecode.swift; path = CanvasGrayscaleDotPointDummy.swift; sourceTree = "<group>"; };
		D4D0FDD42C82D4B900E91B4B /* ArrayExtensions.swift */ = {isa = PBXFileReference; lastKnownFileType = sourcecode.swift; path = ArrayExtensions.swift; sourceTree = "<group>"; };
		D4D0FDD82C82D56E00E91B4B /* TimeIntervalExtensions.swift */ = {isa = PBXFileReference; lastKnownFileType = sourcecode.swift; path = TimeIntervalExtensions.swift; sourceTree = "<group>"; };
		D4D0FDDC2C82D6C500E91B4B /* CanvasPencilDrawingArrays.swift */ = {isa = PBXFileReference; lastKnownFileType = sourcecode.swift; path = CanvasPencilDrawingArrays.swift; sourceTree = "<group>"; };
		D4D0FDE92C8349EB00E91B4B /* CanvasTouchPointDummy.swift */ = {isa = PBXFileReference; lastKnownFileType = sourcecode.swift; path = CanvasTouchPointDummy.swift; sourceTree = "<group>"; };
		D4D0FDEE2C834A2200E91B4B /* CanvasPencilDrawingArraysTests.swift */ = {isa = PBXFileReference; lastKnownFileType = sourcecode.swift; path = CanvasPencilDrawingArraysTests.swift; sourceTree = "<group>"; };
		D4D0FDF02C834A3C00E91B4B /* UITouchDummy.swift */ = {isa = PBXFileReference; lastKnownFileType = sourcecode.swift; path = UITouchDummy.swift; sourceTree = "<group>"; };
/* End PBXFileReference section */

/* Begin PBXFrameworksBuildPhase section */
		D4B17E0F2C0ABCB30056C270 /* Frameworks */ = {
			isa = PBXFrameworksBuildPhase;
			buildActionMask = 2147483647;
			files = (
			);
			runOnlyForDeploymentPostprocessing = 0;
		};
		D4B17E252C0ABCB40056C270 /* Frameworks */ = {
			isa = PBXFrameworksBuildPhase;
			buildActionMask = 2147483647;
			files = (
			);
			runOnlyForDeploymentPostprocessing = 0;
		};
		D4B17E2F2C0ABCB40056C270 /* Frameworks */ = {
			isa = PBXFrameworksBuildPhase;
			buildActionMask = 2147483647;
			files = (
			);
			runOnlyForDeploymentPostprocessing = 0;
		};
/* End PBXFrameworksBuildPhase section */

/* Begin PBXGroup section */
		D41E216E2C78C35B005CE868 /* CanvasView */ = {
			isa = PBXGroup;
			children = (
				D462E1A72C0C684300E0503E /* CanvasDrawingToolStatus.swift */,
				D462E16D2C0C555900E0503E /* CanvasView.swift */,
				D4B17E192C0ABCB30056C270 /* CanvasViewController.swift */,
				D462E1862C0C5A7500E0503E /* CanvasViewModel.swift */,
				D43D065F2CBBF7570029CAB4 /* Extensions */,
				D41E21702C78C686005CE868 /* Gestures */,
				D462E18D2C0C61F400E0503E /* Models */,
			);
			path = CanvasView;
			sourceTree = "<group>";
		};
		D41E21702C78C686005CE868 /* Gestures */ = {
			isa = PBXGroup;
			children = (
				D462E1892C0C616C00E0503E /* CanvasFingerInputGestureRecognizer.swift */,
				D462E1AD2C0C70A700E0503E /* CanvasPencilInputGestureRecognizer.swift */,
			);
			path = Gestures;
			sourceTree = "<group>";
		};
		D43D065F2CBBF7570029CAB4 /* Extensions */ = {
			isa = PBXGroup;
			children = (
				D43D06602CBBF76C0029CAB4 /* IteratorExtensions.swift */,
			);
			path = Extensions;
			sourceTree = "<group>";
		};
		D43D06642CBC04150029CAB4 /* Extensions */ = {
			isa = PBXGroup;
			children = (
				D43D06652CBC042F0029CAB4 /* IteratorExtensionsTests.swift */,
			);
			path = Extensions;
			sourceTree = "<group>";
		};
		D462E16B2C0C554300E0503E /* Views */ = {
			isa = PBXGroup;
			children = (
				D41E216E2C78C35B005CE868 /* CanvasView */,
				D4B17E1B2C0ABCB30056C270 /* Main.storyboard */,
			);
			path = Views;
			sourceTree = "<group>";
		};
		D462E16C2C0C554900E0503E /* MetalKit */ = {
			isa = PBXGroup;
			children = (
				D462E17F2C0C56B700E0503E /* MTLBuffers.swift */,
				D462E1732C0C55D300E0503E /* MTLPipelineManager.swift */,
				D462E1712C0C55B000E0503E /* MTLRenderer.swift */,
				D462E17A2C0C565300E0503E /* MTLTextureCreator.swift */,
				D47CBFD82CDF68E100189B08 /* MTLTextureNodes.swift */,
				D462E1792C0C563100E0503E /* Shaders */,
			);
			path = MetalKit;
			sourceTree = "<group>";
		};
		D462E1792C0C563100E0503E /* Shaders */ = {
			isa = PBXGroup;
			children = (
				D462E1772C0C562400E0503E /* Texture.metal */,
				D462E1992C0C669E00E0503E /* Drawing.metal */,
			);
			path = Shaders;
			sourceTree = "<group>";
		};
		D462E17C2C0C566900E0503E /* Extensions */ = {
			isa = PBXGroup;
			children = (
				D462E1842C0C583900E0503E /* MTLTextureExtensions.swift */,
				D462E17D2C0C567E00E0503E /* UIColorExtensions.swift */,
				D462E1AB2C0C6A8800E0503E /* CGPointExtensions.swift */,
				D478DD9C2C7978CA0031521D /* SetExtensions.swift */,
				D4D0FDD42C82D4B900E91B4B /* ArrayExtensions.swift */,
				D4D0FDD82C82D56E00E91B4B /* TimeIntervalExtensions.swift */,
			);
			path = Extensions;
			sourceTree = "<group>";
		};
		D462E1812C0C56E000E0503E /* Utils */ = {
			isa = PBXGroup;
			children = (
				D4F159B22CAC208800BF9FE2 /* BezierCurve */,
				D462E1A32C0C680400E0503E /* Interpolator.swift */,
				D462E1A12C0C67DC00E0503E /* Iterator.swift */,
				D462E1822C0C580600E0503E /* ViewSize.swift */,
				D462E1A52C0C682300E0503E /* Calculator.swift */,
				D46C036A2C95D0DC001658C5 /* Constants.swift */,
			);
			path = Utils;
			sourceTree = "<group>";
		};
		D462E18D2C0C61F400E0503E /* Models */ = {
			isa = PBXGroup;
			children = (
				D4D0FDCE2C82B17500E91B4B /* Drawing */,
				D4D0FDCD2C82B15A00E91B4B /* Textures */,
			);
			path = Models;
			sourceTree = "<group>";
		};
		D47123942CB282A8001F16C6 /* Point */ = {
			isa = PBXGroup;
			children = (
				D46ECA2E2CB1787C00B6ECE8 /* CanvasBezierCurvePoints.swift */,
				D462E1972C0C651B00E0503E /* CanvasGrayscaleDotPoint.swift */,
				D462E18E2C0C620500E0503E /* CanvasTouchPoint.swift */,
			);
			path = Point;
			sourceTree = "<group>";
		};
		D47123992CB285D7001F16C6 /* Point */ = {
			isa = PBXGroup;
			children = (
				D46ECA2C2CB0CA9A00B6ECE8 /* CanvasGrayscaleDotPointTests.swift */,
			);
			path = Point;
			sourceTree = "<group>";
		};
		D476E9A62CA00B2700F2332E /* Utils */ = {
			isa = PBXGroup;
			children = (
				D42930412CA5926B00983863 /* BezierCurveTests.swift */,
				D467BB542CA810180039EA0D /* CalculatorTests.swift */,
				D476E9A72CA00B3B00F2332E /* InterpolatorTests.swift */,
				D4C3C7A42CA8DB8A003E417C /* IteratorTests.swift */,
			);
			path = Utils;
			sourceTree = "<group>";
		};
		D4B17E092C0ABCB30056C270 = {
			isa = PBXGroup;
			children = (
				D4B17E142C0ABCB30056C270 /* SimpleApplePencilDrawing */,
				D4B17E2B2C0ABCB40056C270 /* SimpleApplePencilDrawingTests */,
				D4B17E352C0ABCB40056C270 /* SimpleApplePencilDrawingUITests */,
				D4B17E132C0ABCB30056C270 /* Products */,
			);
			sourceTree = "<group>";
		};
		D4B17E132C0ABCB30056C270 /* Products */ = {
			isa = PBXGroup;
			children = (
				D4B17E122C0ABCB30056C270 /* SimpleApplePencilDrawing.app */,
				D4B17E282C0ABCB40056C270 /* SimpleApplePencilDrawingTests.xctest */,
				D4B17E322C0ABCB40056C270 /* SimpleApplePencilDrawingUITests.xctest */,
			);
			name = Products;
			sourceTree = "<group>";
		};
		D4B17E142C0ABCB30056C270 /* SimpleApplePencilDrawing */ = {
			isa = PBXGroup;
			children = (
				D4B17E152C0ABCB30056C270 /* AppDelegate.swift */,
				D4B17E172C0ABCB30056C270 /* SceneDelegate.swift */,
				D462E17C2C0C566900E0503E /* Extensions */,
				D462E1812C0C56E000E0503E /* Utils */,
				D462E16C2C0C554900E0503E /* MetalKit */,
				D462E16B2C0C554300E0503E /* Views */,
				D4B17E1E2C0ABCB40056C270 /* Assets.xcassets */,
				D4B17E202C0ABCB40056C270 /* LaunchScreen.storyboard */,
				D4B17E232C0ABCB40056C270 /* Info.plist */,
			);
			path = SimpleApplePencilDrawing;
			sourceTree = "<group>";
		};
		D4B17E2B2C0ABCB40056C270 /* SimpleApplePencilDrawingTests */ = {
			isa = PBXGroup;
			children = (
				D4D0FDE82C8349DA00E91B4B /* Dummies */,
				D476E9A62CA00B2700F2332E /* Utils */,
				D4D0FDEB2C8349FD00E91B4B /* Views */,
				D4B17E2C2C0ABCB40056C270 /* SimpleApplePencilDrawingTests.swift */,
			);
			path = SimpleApplePencilDrawingTests;
			sourceTree = "<group>";
		};
		D4B17E352C0ABCB40056C270 /* SimpleApplePencilDrawingUITests */ = {
			isa = PBXGroup;
			children = (
				D4B17E362C0ABCB40056C270 /* SimpleApplePencilDrawingUITests.swift */,
				D4B17E382C0ABCB40056C270 /* SimpleApplePencilDrawingUITestsLaunchTests.swift */,
			);
			path = SimpleApplePencilDrawingUITests;
			sourceTree = "<group>";
		};
		D4D0FDCD2C82B15A00E91B4B /* Textures */ = {
			isa = PBXGroup;
			children = (
				D462E1932C0C641800E0503E /* CanvasDrawingTexture.swift */,
				D462E1912C0C63F900E0503E /* CanvasBrushDrawingTexture.swift */,
			);
			path = Textures;
			sourceTree = "<group>";
		};
		D4D0FDCE2C82B17500E91B4B /* Drawing */ = {
			isa = PBXGroup;
			children = (
				D47123942CB282A8001F16C6 /* Point */,
				D462E19F2C0C67C000E0503E /* CanvasDrawingCurvePoints.swift */,
				D4D0FDDC2C82D6C500E91B4B /* CanvasPencilDrawingArrays.swift */,
			);
			path = Drawing;
			sourceTree = "<group>";
		};
		D4D0FDE82C8349DA00E91B4B /* Dummies */ = {
			isa = PBXGroup;
			children = (
				D4C3C7B22CA94437003E417C /* CanvasGrayscaleDotPointDummy.swift */,
				D4D0FDE92C8349EB00E91B4B /* CanvasTouchPointDummy.swift */,
				D4D0FDF02C834A3C00E91B4B /* UITouchDummy.swift */,
			);
			path = Dummies;
			sourceTree = "<group>";
		};
		D4D0FDEB2C8349FD00E91B4B /* Views */ = {
			isa = PBXGroup;
			children = (
				D4D0FDEC2C834A0900E91B4B /* CanvasView */,
			);
			path = Views;
			sourceTree = "<group>";
		};
		D4D0FDEC2C834A0900E91B4B /* CanvasView */ = {
			isa = PBXGroup;
			children = (
				D43D06642CBC04150029CAB4 /* Extensions */,
				D4D0FDED2C834A1200E91B4B /* Models */,
			);
			path = CanvasView;
			sourceTree = "<group>";
		};
		D4D0FDED2C834A1200E91B4B /* Models */ = {
			isa = PBXGroup;
			children = (
				D47123992CB285D7001F16C6 /* Point */,
				D47123972CB284E3001F16C6 /* CanvasDrawingCurveTests.swift */,
				D4D0FDEE2C834A2200E91B4B /* CanvasPencilDrawingArraysTests.swift */,
			);
			path = Models;
			sourceTree = "<group>";
		};
		D4F159B22CAC208800BF9FE2 /* BezierCurve */ = {
			isa = PBXGroup;
			children = (
				D42930432CA5938A00983863 /* BezierCurve.swift */,
				D42930452CA599DD00983863 /* BezierCurveHandlePoints.swift */,
			);
			path = BezierCurve;
			sourceTree = "<group>";
		};
/* End PBXGroup section */

/* Begin PBXNativeTarget section */
		D4B17E112C0ABCB30056C270 /* SimpleApplePencilDrawing */ = {
			isa = PBXNativeTarget;
			buildConfigurationList = D4B17E3C2C0ABCB40056C270 /* Build configuration list for PBXNativeTarget "SimpleApplePencilDrawing" */;
			buildPhases = (
				D4B17E0E2C0ABCB30056C270 /* Sources */,
				D4B17E0F2C0ABCB30056C270 /* Frameworks */,
				D4B17E102C0ABCB30056C270 /* Resources */,
			);
			buildRules = (
			);
			dependencies = (
			);
			name = SimpleApplePencilDrawing;
			productName = SimpleApplePencilDrawing;
			productReference = D4B17E122C0ABCB30056C270 /* SimpleApplePencilDrawing.app */;
			productType = "com.apple.product-type.application";
		};
		D4B17E272C0ABCB40056C270 /* SimpleApplePencilDrawingTests */ = {
			isa = PBXNativeTarget;
			buildConfigurationList = D4B17E3F2C0ABCB40056C270 /* Build configuration list for PBXNativeTarget "SimpleApplePencilDrawingTests" */;
			buildPhases = (
				D4B17E242C0ABCB40056C270 /* Sources */,
				D4B17E252C0ABCB40056C270 /* Frameworks */,
				D4B17E262C0ABCB40056C270 /* Resources */,
			);
			buildRules = (
			);
			dependencies = (
				D4B17E2A2C0ABCB40056C270 /* PBXTargetDependency */,
			);
			name = SimpleApplePencilDrawingTests;
			productName = SimpleApplePencilDrawingTests;
			productReference = D4B17E282C0ABCB40056C270 /* SimpleApplePencilDrawingTests.xctest */;
			productType = "com.apple.product-type.bundle.unit-test";
		};
		D4B17E312C0ABCB40056C270 /* SimpleApplePencilDrawingUITests */ = {
			isa = PBXNativeTarget;
			buildConfigurationList = D4B17E422C0ABCB40056C270 /* Build configuration list for PBXNativeTarget "SimpleApplePencilDrawingUITests" */;
			buildPhases = (
				D4B17E2E2C0ABCB40056C270 /* Sources */,
				D4B17E2F2C0ABCB40056C270 /* Frameworks */,
				D4B17E302C0ABCB40056C270 /* Resources */,
			);
			buildRules = (
			);
			dependencies = (
				D4B17E342C0ABCB40056C270 /* PBXTargetDependency */,
			);
			name = SimpleApplePencilDrawingUITests;
			productName = SimpleApplePencilDrawingUITests;
			productReference = D4B17E322C0ABCB40056C270 /* SimpleApplePencilDrawingUITests.xctest */;
			productType = "com.apple.product-type.bundle.ui-testing";
		};
/* End PBXNativeTarget section */

/* Begin PBXProject section */
		D4B17E0A2C0ABCB30056C270 /* Project object */ = {
			isa = PBXProject;
			attributes = {
				BuildIndependentTargetsInParallel = 1;
				LastSwiftUpdateCheck = 1530;
				LastUpgradeCheck = 1530;
				TargetAttributes = {
					D4B17E112C0ABCB30056C270 = {
						CreatedOnToolsVersion = 15.3;
					};
					D4B17E272C0ABCB40056C270 = {
						CreatedOnToolsVersion = 15.3;
						TestTargetID = D4B17E112C0ABCB30056C270;
					};
					D4B17E312C0ABCB40056C270 = {
						CreatedOnToolsVersion = 15.3;
						TestTargetID = D4B17E112C0ABCB30056C270;
					};
				};
			};
			buildConfigurationList = D4B17E0D2C0ABCB30056C270 /* Build configuration list for PBXProject "SimpleApplePencilDrawing" */;
			compatibilityVersion = "Xcode 14.0";
			developmentRegion = en;
			hasScannedForEncodings = 0;
			knownRegions = (
				en,
				Base,
			);
			mainGroup = D4B17E092C0ABCB30056C270;
			productRefGroup = D4B17E132C0ABCB30056C270 /* Products */;
			projectDirPath = "";
			projectRoot = "";
			targets = (
				D4B17E112C0ABCB30056C270 /* SimpleApplePencilDrawing */,
				D4B17E272C0ABCB40056C270 /* SimpleApplePencilDrawingTests */,
				D4B17E312C0ABCB40056C270 /* SimpleApplePencilDrawingUITests */,
			);
		};
/* End PBXProject section */

/* Begin PBXResourcesBuildPhase section */
		D4B17E102C0ABCB30056C270 /* Resources */ = {
			isa = PBXResourcesBuildPhase;
			buildActionMask = 2147483647;
			files = (
				D4B17E1F2C0ABCB40056C270 /* Assets.xcassets in Resources */,
				D4B17E222C0ABCB40056C270 /* Base in Resources */,
				D4B17E1D2C0ABCB30056C270 /* Base in Resources */,
			);
			runOnlyForDeploymentPostprocessing = 0;
		};
		D4B17E262C0ABCB40056C270 /* Resources */ = {
			isa = PBXResourcesBuildPhase;
			buildActionMask = 2147483647;
			files = (
			);
			runOnlyForDeploymentPostprocessing = 0;
		};
		D4B17E302C0ABCB40056C270 /* Resources */ = {
			isa = PBXResourcesBuildPhase;
			buildActionMask = 2147483647;
			files = (
			);
			runOnlyForDeploymentPostprocessing = 0;
		};
/* End PBXResourcesBuildPhase section */

/* Begin PBXSourcesBuildPhase section */
		D4B17E0E2C0ABCB30056C270 /* Sources */ = {
			isa = PBXSourcesBuildPhase;
			buildActionMask = 2147483647;
			files = (
				D462E1942C0C641800E0503E /* CanvasDrawingTexture.swift in Sources */,
				D4D0FDD52C82D4B900E91B4B /* ArrayExtensions.swift in Sources */,
				D462E1982C0C651B00E0503E /* CanvasGrayscaleDotPoint.swift in Sources */,
				D462E1AE2C0C70A700E0503E /* CanvasPencilInputGestureRecognizer.swift in Sources */,
				D462E1A22C0C67DC00E0503E /* Iterator.swift in Sources */,
				D462E19A2C0C669E00E0503E /* Drawing.metal in Sources */,
				D4B17E1A2C0ABCB30056C270 /* CanvasViewController.swift in Sources */,
				D462E1A42C0C680400E0503E /* Interpolator.swift in Sources */,
				D43D06612CBBF76C0029CAB4 /* IteratorExtensions.swift in Sources */,
				D462E1742C0C55D300E0503E /* MTLPipelineManager.swift in Sources */,
				D462E17B2C0C565300E0503E /* MTLTextureCreator.swift in Sources */,
				D42930442CA5938A00983863 /* BezierCurve.swift in Sources */,
				D462E1922C0C63F900E0503E /* CanvasBrushDrawingTexture.swift in Sources */,
				D462E16E2C0C555900E0503E /* CanvasView.swift in Sources */,
				D462E1872C0C5A7500E0503E /* CanvasViewModel.swift in Sources */,
				D462E1802C0C56B700E0503E /* MTLBuffers.swift in Sources */,
				D462E1AC2C0C6A8800E0503E /* CGPointExtensions.swift in Sources */,
				D462E1A82C0C684300E0503E /* CanvasDrawingToolStatus.swift in Sources */,
				D462E1782C0C562400E0503E /* Texture.metal in Sources */,
				D462E18A2C0C616C00E0503E /* CanvasFingerInputGestureRecognizer.swift in Sources */,
				D462E18F2C0C620500E0503E /* CanvasTouchPoint.swift in Sources */,
				D42930462CA599DD00983863 /* BezierCurveHandlePoints.swift in Sources */,
				D462E17E2C0C567E00E0503E /* UIColorExtensions.swift in Sources */,
				D46ECA2F2CB1787C00B6ECE8 /* CanvasBezierCurvePoints.swift in Sources */,
				D4B17E162C0ABCB30056C270 /* AppDelegate.swift in Sources */,
				D462E1852C0C583900E0503E /* MTLTextureExtensions.swift in Sources */,
				D462E1832C0C580600E0503E /* ViewSize.swift in Sources */,
				D47CBFD92CDF68E100189B08 /* MTLTextureNodes.swift in Sources */,
				D46C036B2C95D0DC001658C5 /* Constants.swift in Sources */,
				D462E1A62C0C682300E0503E /* Calculator.swift in Sources */,
				D462E1A02C0C67C000E0503E /* CanvasDrawingCurvePoints.swift in Sources */,
				D4D0FDD92C82D56E00E91B4B /* TimeIntervalExtensions.swift in Sources */,
				D478DD9D2C7978CA0031521D /* SetExtensions.swift in Sources */,
				D462E1722C0C55B000E0503E /* MTLRenderer.swift in Sources */,
				D4D0FDDD2C82D6C500E91B4B /* CanvasPencilDrawingArrays.swift in Sources */,
				D4B17E182C0ABCB30056C270 /* SceneDelegate.swift in Sources */,
			);
			runOnlyForDeploymentPostprocessing = 0;
		};
		D4B17E242C0ABCB40056C270 /* Sources */ = {
			isa = PBXSourcesBuildPhase;
			buildActionMask = 2147483647;
			files = (
				D42930422CA5926B00983863 /* BezierCurveTests.swift in Sources */,
				D4B17E2D2C0ABCB40056C270 /* SimpleApplePencilDrawingTests.swift in Sources */,
				D476E9A82CA00B3B00F2332E /* InterpolatorTests.swift in Sources */,
				D4C3C7A52CA8DB8A003E417C /* IteratorTests.swift in Sources */,
				D4D0FDEA2C8349EB00E91B4B /* CanvasTouchPointDummy.swift in Sources */,
				D467BB552CA810180039EA0D /* CalculatorTests.swift in Sources */,
				D43D06662CBC042F0029CAB4 /* IteratorExtensionsTests.swift in Sources */,
				D4D0FDF12C834A3C00E91B4B /* UITouchDummy.swift in Sources */,
				D47123982CB284E3001F16C6 /* CanvasDrawingCurveTests.swift in Sources */,
				D4D0FDEF2C834A2200E91B4B /* CanvasPencilDrawingArraysTests.swift in Sources */,
				D46ECA2D2CB0CA9A00B6ECE8 /* CanvasGrayscaleDotPointTests.swift in Sources */,
				D4C3C7B32CA94437003E417C /* CanvasGrayscaleDotPointDummy.swift in Sources */,
			);
			runOnlyForDeploymentPostprocessing = 0;
		};
		D4B17E2E2C0ABCB40056C270 /* Sources */ = {
			isa = PBXSourcesBuildPhase;
			buildActionMask = 2147483647;
			files = (
				D4B17E372C0ABCB40056C270 /* SimpleApplePencilDrawingUITests.swift in Sources */,
				D4B17E392C0ABCB40056C270 /* SimpleApplePencilDrawingUITestsLaunchTests.swift in Sources */,
			);
			runOnlyForDeploymentPostprocessing = 0;
		};
/* End PBXSourcesBuildPhase section */

/* Begin PBXTargetDependency section */
		D4B17E2A2C0ABCB40056C270 /* PBXTargetDependency */ = {
			isa = PBXTargetDependency;
			target = D4B17E112C0ABCB30056C270 /* SimpleApplePencilDrawing */;
			targetProxy = D4B17E292C0ABCB40056C270 /* PBXContainerItemProxy */;
		};
		D4B17E342C0ABCB40056C270 /* PBXTargetDependency */ = {
			isa = PBXTargetDependency;
			target = D4B17E112C0ABCB30056C270 /* SimpleApplePencilDrawing */;
			targetProxy = D4B17E332C0ABCB40056C270 /* PBXContainerItemProxy */;
		};
/* End PBXTargetDependency section */

/* Begin PBXVariantGroup section */
		D4B17E1B2C0ABCB30056C270 /* Main.storyboard */ = {
			isa = PBXVariantGroup;
			children = (
				D4B17E1C2C0ABCB30056C270 /* Base */,
			);
			name = Main.storyboard;
			sourceTree = "<group>";
		};
		D4B17E202C0ABCB40056C270 /* LaunchScreen.storyboard */ = {
			isa = PBXVariantGroup;
			children = (
				D4B17E212C0ABCB40056C270 /* Base */,
			);
			name = LaunchScreen.storyboard;
			sourceTree = "<group>";
		};
/* End PBXVariantGroup section */

/* Begin XCBuildConfiguration section */
		D4B17E3A2C0ABCB40056C270 /* Debug */ = {
			isa = XCBuildConfiguration;
			buildSettings = {
				ALWAYS_SEARCH_USER_PATHS = NO;
				ASSETCATALOG_COMPILER_GENERATE_SWIFT_ASSET_SYMBOL_EXTENSIONS = YES;
				CLANG_ANALYZER_NONNULL = YES;
				CLANG_ANALYZER_NUMBER_OBJECT_CONVERSION = YES_AGGRESSIVE;
				CLANG_CXX_LANGUAGE_STANDARD = "gnu++20";
				CLANG_ENABLE_MODULES = YES;
				CLANG_ENABLE_OBJC_ARC = YES;
				CLANG_ENABLE_OBJC_WEAK = YES;
				CLANG_WARN_BLOCK_CAPTURE_AUTORELEASING = YES;
				CLANG_WARN_BOOL_CONVERSION = YES;
				CLANG_WARN_COMMA = YES;
				CLANG_WARN_CONSTANT_CONVERSION = YES;
				CLANG_WARN_DEPRECATED_OBJC_IMPLEMENTATIONS = YES;
				CLANG_WARN_DIRECT_OBJC_ISA_USAGE = YES_ERROR;
				CLANG_WARN_DOCUMENTATION_COMMENTS = YES;
				CLANG_WARN_EMPTY_BODY = YES;
				CLANG_WARN_ENUM_CONVERSION = YES;
				CLANG_WARN_INFINITE_RECURSION = YES;
				CLANG_WARN_INT_CONVERSION = YES;
				CLANG_WARN_NON_LITERAL_NULL_CONVERSION = YES;
				CLANG_WARN_OBJC_IMPLICIT_RETAIN_SELF = YES;
				CLANG_WARN_OBJC_LITERAL_CONVERSION = YES;
				CLANG_WARN_OBJC_ROOT_CLASS = YES_ERROR;
				CLANG_WARN_QUOTED_INCLUDE_IN_FRAMEWORK_HEADER = YES;
				CLANG_WARN_RANGE_LOOP_ANALYSIS = YES;
				CLANG_WARN_STRICT_PROTOTYPES = YES;
				CLANG_WARN_SUSPICIOUS_MOVE = YES;
				CLANG_WARN_UNGUARDED_AVAILABILITY = YES_AGGRESSIVE;
				CLANG_WARN_UNREACHABLE_CODE = YES;
				CLANG_WARN__DUPLICATE_METHOD_MATCH = YES;
				COPY_PHASE_STRIP = NO;
				DEBUG_INFORMATION_FORMAT = dwarf;
				ENABLE_STRICT_OBJC_MSGSEND = YES;
				ENABLE_TESTABILITY = YES;
				ENABLE_USER_SCRIPT_SANDBOXING = YES;
				GCC_C_LANGUAGE_STANDARD = gnu17;
				GCC_DYNAMIC_NO_PIC = NO;
				GCC_NO_COMMON_BLOCKS = YES;
				GCC_OPTIMIZATION_LEVEL = 0;
				GCC_PREPROCESSOR_DEFINITIONS = (
					"DEBUG=1",
					"$(inherited)",
				);
				GCC_WARN_64_TO_32_BIT_CONVERSION = YES;
				GCC_WARN_ABOUT_RETURN_TYPE = YES_ERROR;
				GCC_WARN_UNDECLARED_SELECTOR = YES;
				GCC_WARN_UNINITIALIZED_AUTOS = YES_AGGRESSIVE;
				GCC_WARN_UNUSED_FUNCTION = YES;
				GCC_WARN_UNUSED_VARIABLE = YES;
				IPHONEOS_DEPLOYMENT_TARGET = 17.4;
				LOCALIZATION_PREFERS_STRING_CATALOGS = YES;
				MTL_ENABLE_DEBUG_INFO = INCLUDE_SOURCE;
				MTL_FAST_MATH = YES;
				ONLY_ACTIVE_ARCH = YES;
				SDKROOT = iphoneos;
				SWIFT_ACTIVE_COMPILATION_CONDITIONS = "DEBUG $(inherited)";
				SWIFT_OPTIMIZATION_LEVEL = "-Onone";
			};
			name = Debug;
		};
		D4B17E3B2C0ABCB40056C270 /* Release */ = {
			isa = XCBuildConfiguration;
			buildSettings = {
				ALWAYS_SEARCH_USER_PATHS = NO;
				ASSETCATALOG_COMPILER_GENERATE_SWIFT_ASSET_SYMBOL_EXTENSIONS = YES;
				CLANG_ANALYZER_NONNULL = YES;
				CLANG_ANALYZER_NUMBER_OBJECT_CONVERSION = YES_AGGRESSIVE;
				CLANG_CXX_LANGUAGE_STANDARD = "gnu++20";
				CLANG_ENABLE_MODULES = YES;
				CLANG_ENABLE_OBJC_ARC = YES;
				CLANG_ENABLE_OBJC_WEAK = YES;
				CLANG_WARN_BLOCK_CAPTURE_AUTORELEASING = YES;
				CLANG_WARN_BOOL_CONVERSION = YES;
				CLANG_WARN_COMMA = YES;
				CLANG_WARN_CONSTANT_CONVERSION = YES;
				CLANG_WARN_DEPRECATED_OBJC_IMPLEMENTATIONS = YES;
				CLANG_WARN_DIRECT_OBJC_ISA_USAGE = YES_ERROR;
				CLANG_WARN_DOCUMENTATION_COMMENTS = YES;
				CLANG_WARN_EMPTY_BODY = YES;
				CLANG_WARN_ENUM_CONVERSION = YES;
				CLANG_WARN_INFINITE_RECURSION = YES;
				CLANG_WARN_INT_CONVERSION = YES;
				CLANG_WARN_NON_LITERAL_NULL_CONVERSION = YES;
				CLANG_WARN_OBJC_IMPLICIT_RETAIN_SELF = YES;
				CLANG_WARN_OBJC_LITERAL_CONVERSION = YES;
				CLANG_WARN_OBJC_ROOT_CLASS = YES_ERROR;
				CLANG_WARN_QUOTED_INCLUDE_IN_FRAMEWORK_HEADER = YES;
				CLANG_WARN_RANGE_LOOP_ANALYSIS = YES;
				CLANG_WARN_STRICT_PROTOTYPES = YES;
				CLANG_WARN_SUSPICIOUS_MOVE = YES;
				CLANG_WARN_UNGUARDED_AVAILABILITY = YES_AGGRESSIVE;
				CLANG_WARN_UNREACHABLE_CODE = YES;
				CLANG_WARN__DUPLICATE_METHOD_MATCH = YES;
				COPY_PHASE_STRIP = NO;
				DEBUG_INFORMATION_FORMAT = "dwarf-with-dsym";
				ENABLE_NS_ASSERTIONS = NO;
				ENABLE_STRICT_OBJC_MSGSEND = YES;
				ENABLE_USER_SCRIPT_SANDBOXING = YES;
				GCC_C_LANGUAGE_STANDARD = gnu17;
				GCC_NO_COMMON_BLOCKS = YES;
				GCC_WARN_64_TO_32_BIT_CONVERSION = YES;
				GCC_WARN_ABOUT_RETURN_TYPE = YES_ERROR;
				GCC_WARN_UNDECLARED_SELECTOR = YES;
				GCC_WARN_UNINITIALIZED_AUTOS = YES_AGGRESSIVE;
				GCC_WARN_UNUSED_FUNCTION = YES;
				GCC_WARN_UNUSED_VARIABLE = YES;
				IPHONEOS_DEPLOYMENT_TARGET = 17.4;
				LOCALIZATION_PREFERS_STRING_CATALOGS = YES;
				MTL_ENABLE_DEBUG_INFO = NO;
				MTL_FAST_MATH = YES;
				SDKROOT = iphoneos;
				SWIFT_COMPILATION_MODE = wholemodule;
				VALIDATE_PRODUCT = YES;
			};
			name = Release;
		};
		D4B17E3D2C0ABCB40056C270 /* Debug */ = {
			isa = XCBuildConfiguration;
			buildSettings = {
				ASSETCATALOG_COMPILER_APPICON_NAME = AppIcon;
				ASSETCATALOG_COMPILER_GLOBAL_ACCENT_COLOR_NAME = AccentColor;
				CODE_SIGN_IDENTITY = "Apple Development";
				CODE_SIGN_STYLE = Manual;
				CURRENT_PROJECT_VERSION = 1;
				DEVELOPMENT_TEAM = "";
				GENERATE_INFOPLIST_FILE = YES;
				INFOPLIST_FILE = SimpleApplePencilDrawing/Info.plist;
				INFOPLIST_KEY_UIApplicationSupportsIndirectInputEvents = YES;
				INFOPLIST_KEY_UILaunchStoryboardName = LaunchScreen;
				INFOPLIST_KEY_UIMainStoryboardFile = Main;
				INFOPLIST_KEY_UISupportedInterfaceOrientations_iPad = "UIInterfaceOrientationPortrait UIInterfaceOrientationPortraitUpsideDown UIInterfaceOrientationLandscapeLeft UIInterfaceOrientationLandscapeRight";
				INFOPLIST_KEY_UISupportedInterfaceOrientations_iPhone = "UIInterfaceOrientationPortrait UIInterfaceOrientationLandscapeLeft UIInterfaceOrientationLandscapeRight";
				IPHONEOS_DEPLOYMENT_TARGET = 15.0;
				LD_RUNPATH_SEARCH_PATHS = (
					"$(inherited)",
					"@executable_path/Frameworks",
				);
				MARKETING_VERSION = 1.0;
				PRODUCT_BUNDLE_IDENTIFIER = com.eisukekusachi.SimpleApplePencilDrawing;
				PRODUCT_NAME = "$(TARGET_NAME)";
				PROVISIONING_PROFILE_SPECIFIER = "";
				SUPPORTED_PLATFORMS = "iphoneos iphonesimulator";
				SUPPORTS_MACCATALYST = NO;
				SUPPORTS_MAC_DESIGNED_FOR_IPHONE_IPAD = NO;
				SUPPORTS_XR_DESIGNED_FOR_IPHONE_IPAD = NO;
				SWIFT_EMIT_LOC_STRINGS = YES;
				SWIFT_VERSION = 5.0;
				TARGETED_DEVICE_FAMILY = "1,2";
			};
			name = Debug;
		};
		D4B17E3E2C0ABCB40056C270 /* Release */ = {
			isa = XCBuildConfiguration;
			buildSettings = {
				ASSETCATALOG_COMPILER_APPICON_NAME = AppIcon;
				ASSETCATALOG_COMPILER_GLOBAL_ACCENT_COLOR_NAME = AccentColor;
				CODE_SIGN_IDENTITY = "Apple Development";
				CODE_SIGN_STYLE = Manual;
				CURRENT_PROJECT_VERSION = 1;
				DEVELOPMENT_TEAM = "";
				GENERATE_INFOPLIST_FILE = YES;
				INFOPLIST_FILE = SimpleApplePencilDrawing/Info.plist;
				INFOPLIST_KEY_UIApplicationSupportsIndirectInputEvents = YES;
				INFOPLIST_KEY_UILaunchStoryboardName = LaunchScreen;
				INFOPLIST_KEY_UIMainStoryboardFile = Main;
				INFOPLIST_KEY_UISupportedInterfaceOrientations_iPad = "UIInterfaceOrientationPortrait UIInterfaceOrientationPortraitUpsideDown UIInterfaceOrientationLandscapeLeft UIInterfaceOrientationLandscapeRight";
				INFOPLIST_KEY_UISupportedInterfaceOrientations_iPhone = "UIInterfaceOrientationPortrait UIInterfaceOrientationLandscapeLeft UIInterfaceOrientationLandscapeRight";
				IPHONEOS_DEPLOYMENT_TARGET = 15.0;
				LD_RUNPATH_SEARCH_PATHS = (
					"$(inherited)",
					"@executable_path/Frameworks",
				);
				MARKETING_VERSION = 1.0;
				PRODUCT_BUNDLE_IDENTIFIER = com.eisukekusachi.SimpleApplePencilDrawing;
				PRODUCT_NAME = "$(TARGET_NAME)";
				PROVISIONING_PROFILE_SPECIFIER = "";
				SUPPORTED_PLATFORMS = "iphoneos iphonesimulator";
				SUPPORTS_MACCATALYST = NO;
				SUPPORTS_MAC_DESIGNED_FOR_IPHONE_IPAD = NO;
				SUPPORTS_XR_DESIGNED_FOR_IPHONE_IPAD = NO;
				SWIFT_EMIT_LOC_STRINGS = YES;
				SWIFT_VERSION = 5.0;
				TARGETED_DEVICE_FAMILY = "1,2";
			};
			name = Release;
		};
		D4B17E402C0ABCB40056C270 /* Debug */ = {
			isa = XCBuildConfiguration;
			buildSettings = {
				ALWAYS_EMBED_SWIFT_STANDARD_LIBRARIES = YES;
				BUNDLE_LOADER = "$(TEST_HOST)";
				CODE_SIGN_STYLE = Manual;
				CURRENT_PROJECT_VERSION = 1;
				DEVELOPMENT_TEAM = "";
				GENERATE_INFOPLIST_FILE = YES;
				IPHONEOS_DEPLOYMENT_TARGET = 17.4;
				MARKETING_VERSION = 1.0;
				PRODUCT_BUNDLE_IDENTIFIER = com.eisukekusachi.SimpleApplePencilDrawingTests;
				PRODUCT_NAME = "$(TARGET_NAME)";
				PROVISIONING_PROFILE_SPECIFIER = "";
				SWIFT_EMIT_LOC_STRINGS = NO;
				SWIFT_VERSION = 5.0;
				TARGETED_DEVICE_FAMILY = "1,2";
				TEST_HOST = "$(BUILT_PRODUCTS_DIR)/SimpleApplePencilDrawing.app/$(BUNDLE_EXECUTABLE_FOLDER_PATH)/SimpleApplePencilDrawing";
			};
			name = Debug;
		};
		D4B17E412C0ABCB40056C270 /* Release */ = {
			isa = XCBuildConfiguration;
			buildSettings = {
				ALWAYS_EMBED_SWIFT_STANDARD_LIBRARIES = YES;
				BUNDLE_LOADER = "$(TEST_HOST)";
				CODE_SIGN_STYLE = Manual;
				CURRENT_PROJECT_VERSION = 1;
				DEVELOPMENT_TEAM = "";
				GENERATE_INFOPLIST_FILE = YES;
				IPHONEOS_DEPLOYMENT_TARGET = 17.4;
				MARKETING_VERSION = 1.0;
				PRODUCT_BUNDLE_IDENTIFIER = com.eisukekusachi.SimpleApplePencilDrawingTests;
				PRODUCT_NAME = "$(TARGET_NAME)";
				PROVISIONING_PROFILE_SPECIFIER = "";
				SWIFT_EMIT_LOC_STRINGS = NO;
				SWIFT_VERSION = 5.0;
				TARGETED_DEVICE_FAMILY = "1,2";
				TEST_HOST = "$(BUILT_PRODUCTS_DIR)/SimpleApplePencilDrawing.app/$(BUNDLE_EXECUTABLE_FOLDER_PATH)/SimpleApplePencilDrawing";
			};
			name = Release;
		};
		D4B17E432C0ABCB40056C270 /* Debug */ = {
			isa = XCBuildConfiguration;
			buildSettings = {
				ALWAYS_EMBED_SWIFT_STANDARD_LIBRARIES = YES;
				CODE_SIGN_STYLE = Manual;
				CURRENT_PROJECT_VERSION = 1;
				DEVELOPMENT_TEAM = "";
				GENERATE_INFOPLIST_FILE = YES;
				MARKETING_VERSION = 1.0;
				PRODUCT_BUNDLE_IDENTIFIER = com.eisukekusachi.SimpleApplePencilDrawingUITests;
				PRODUCT_NAME = "$(TARGET_NAME)";
				PROVISIONING_PROFILE_SPECIFIER = "";
				SWIFT_EMIT_LOC_STRINGS = NO;
				SWIFT_VERSION = 5.0;
				TARGETED_DEVICE_FAMILY = "1,2";
				TEST_TARGET_NAME = SimpleApplePencilDrawing;
			};
			name = Debug;
		};
		D4B17E442C0ABCB40056C270 /* Release */ = {
			isa = XCBuildConfiguration;
			buildSettings = {
				ALWAYS_EMBED_SWIFT_STANDARD_LIBRARIES = YES;
				CODE_SIGN_STYLE = Manual;
				CURRENT_PROJECT_VERSION = 1;
				DEVELOPMENT_TEAM = "";
				GENERATE_INFOPLIST_FILE = YES;
				MARKETING_VERSION = 1.0;
				PRODUCT_BUNDLE_IDENTIFIER = com.eisukekusachi.SimpleApplePencilDrawingUITests;
				PRODUCT_NAME = "$(TARGET_NAME)";
				PROVISIONING_PROFILE_SPECIFIER = "";
				SWIFT_EMIT_LOC_STRINGS = NO;
				SWIFT_VERSION = 5.0;
				TARGETED_DEVICE_FAMILY = "1,2";
				TEST_TARGET_NAME = SimpleApplePencilDrawing;
			};
			name = Release;
		};
/* End XCBuildConfiguration section */

/* Begin XCConfigurationList section */
		D4B17E0D2C0ABCB30056C270 /* Build configuration list for PBXProject "SimpleApplePencilDrawing" */ = {
			isa = XCConfigurationList;
			buildConfigurations = (
				D4B17E3A2C0ABCB40056C270 /* Debug */,
				D4B17E3B2C0ABCB40056C270 /* Release */,
			);
			defaultConfigurationIsVisible = 0;
			defaultConfigurationName = Release;
		};
		D4B17E3C2C0ABCB40056C270 /* Build configuration list for PBXNativeTarget "SimpleApplePencilDrawing" */ = {
			isa = XCConfigurationList;
			buildConfigurations = (
				D4B17E3D2C0ABCB40056C270 /* Debug */,
				D4B17E3E2C0ABCB40056C270 /* Release */,
			);
			defaultConfigurationIsVisible = 0;
			defaultConfigurationName = Release;
		};
		D4B17E3F2C0ABCB40056C270 /* Build configuration list for PBXNativeTarget "SimpleApplePencilDrawingTests" */ = {
			isa = XCConfigurationList;
			buildConfigurations = (
				D4B17E402C0ABCB40056C270 /* Debug */,
				D4B17E412C0ABCB40056C270 /* Release */,
			);
			defaultConfigurationIsVisible = 0;
			defaultConfigurationName = Release;
		};
		D4B17E422C0ABCB40056C270 /* Build configuration list for PBXNativeTarget "SimpleApplePencilDrawingUITests" */ = {
			isa = XCConfigurationList;
			buildConfigurations = (
				D4B17E432C0ABCB40056C270 /* Debug */,
				D4B17E442C0ABCB40056C270 /* Release */,
			);
			defaultConfigurationIsVisible = 0;
			defaultConfigurationName = Release;
		};
/* End XCConfigurationList section */
	};
	rootObject = D4B17E0A2C0ABCB30056C270 /* Project object */;
}
